{
  "name": "punktfunk-client-web",
  "lockfileVersion": 3,
  "requires": true,
  "packages": {
    "": {
      "name": "punktfunk-client-web",
      "devDependencies": {
        "@webgpu/types": "^0.1.60",
        "typescript": "^5.9.3"
      }
    },
    "node_modules/@webgpu/types": {
      "version": "0.1.72",
      "resolved": "https://registry.npmjs.org/@webgpu/types/-/types-0.1.72.tgz",
      "integrity": "sha512-0cF7RFM2edNoiIS1ODJp0/Gzv4/xSXhwoR0YCza+OWpJWtn4wmo9DvK91aLlH9+uUnwIriP7ZiC3WitmyhuzBw==",
      "dev": true,
      "license": "BSD-3-Clause"
    },
    "node_modules/typescript": {
      "version": "5.9.3",
      "resolved": "https://registry.npmjs.org/typescript/-/typescript-5.9.3.tgz",
      "integrity": "sha512-jl1vZzPDinLr9eUt3J/t7V6FgNEw9QjvBPdysz9KfQDD41fQrC2Y4vKQdiaUpFT4bXlb1RHhLpp8wtm6M5TgSw==",
      "dev": true,
      "license": "Apache-2.0",
      "bin": {
        "tsc": "bin/tsc",
        "tsserver": "bin/tsserver"
      },
      "engines": {
        "node": ">=14.17"
      }
    }
  }
}
